
Microsoft Visual Studio Solution File, Format Version 12.00
# Visual Studio 2013
VisualStudioVersion = 12.0.40629.0
MinimumVisualStudioVersion = 10.0.40219.1
Project("{2150E333-8FDC-42A3-9474-1A3956D46DE8}") = "Solution Items", "Solution Items", "{900379F9-E2FD-4342-9330-A67DB2C2F4F7}"
	ProjectSection(SolutionItems) = preProject
		README.md = README.md
	EndProjectSection
EndProject
Project("{FAE04EC0-301F-11D3-BF4B-00C04F79EFBC}") = "SilverlightUnitConverter", "SilverlightUnitConverter\SilverlightUnitConverter.csproj", "{03F10008-D188-4650-B32A-39151E3E8295}"
EndProject
Project("{FAE04EC0-301F-11D3-BF4B-00C04F79EFBC}") = "Cureos.Measures", "Cureos.Measures\Cureos.Measures.csproj", "{A89BF529-9E02-4B80-8C4B-94168313DE47}"
EndProject
Project("{FAE04EC0-301F-11D3-BF4B-00C04F79EFBC}") = "Cureos.Measures.Tests", "Cureos.Measures.Tests\Cureos.Measures.Tests.csproj", "{0FDA422F-E676-486B-8A73-DB928A057D19}"
EndProject
Project("{FAE04EC0-301F-11D3-BF4B-00C04F79EFBC}") = "MonodroidUnitConverter", "MonodroidUnitConverter\MonodroidUnitConverter.csproj", "{A70F00F4-857F-460B-B923-84F8757E4A48}"
EndProject
Project("{FAE04EC0-301F-11D3-BF4B-00C04F79EFBC}") = "WP8UnitConverter", "WP8UnitConverter\WP8UnitConverter.csproj", "{78C29962-90EB-49F2-B77B-3114EBE8C4DF}"
EndProject
Project("{FAE04EC0-301F-11D3-BF4B-00C04F79EFBC}") = "MonotouchUnitConverter", "MonotouchUnitConverter\MonotouchUnitConverter.csproj", "{85D3AC61-9D36-42AD-A6EF-AEDDCF77A830}"
EndProject
Global
	GlobalSection(SolutionConfigurationPlatforms) = preSolution
		Ad-Hoc|Any CPU = Ad-Hoc|Any CPU
		Ad-Hoc|ARM = Ad-Hoc|ARM
		Ad-Hoc|iPhone = Ad-Hoc|iPhone
		Ad-Hoc|iPhoneSimulator = Ad-Hoc|iPhoneSimulator
		Ad-Hoc|x86 = Ad-Hoc|x86
		AppStore|Any CPU = AppStore|Any CPU
		AppStore|ARM = AppStore|ARM
		AppStore|iPhone = AppStore|iPhone
		AppStore|iPhoneSimulator = AppStore|iPhoneSimulator
		AppStore|x86 = AppStore|x86
		Debug|Any CPU = Debug|Any CPU
		Debug|ARM = Debug|ARM
		Debug|iPhone = Debug|iPhone
		Debug|iPhoneSimulator = Debug|iPhoneSimulator
		Debug|x86 = Debug|x86
		Release|Any CPU = Release|Any CPU
		Release|ARM = Release|ARM
		Release|iPhone = Release|iPhone
		Release|iPhoneSimulator = Release|iPhoneSimulator
		Release|x86 = Release|x86
	EndGlobalSection
	GlobalSection(ProjectConfigurationPlatforms) = postSolution
		{03F10008-D188-4650-B32A-39151E3E8295}.Ad-Hoc|Any CPU.ActiveCfg = Release|Any CPU
		{03F10008-D188-4650-B32A-39151E3E8295}.Ad-Hoc|Any CPU.Build.0 = Release|Any CPU
		{03F10008-D188-4650-B32A-39151E3E8295}.Ad-Hoc|ARM.ActiveCfg = Release|Any CPU
		{03F10008-D188-4650-B32A-39151E3E8295}.Ad-Hoc|iPhone.ActiveCfg = Release|Any CPU
		{03F10008-D188-4650-B32A-39151E3E8295}.Ad-Hoc|iPhoneSimulator.ActiveCfg = Release|Any CPU
		{03F10008-D188-4650-B32A-39151E3E8295}.Ad-Hoc|x86.ActiveCfg = Release|Any CPU
		{03F10008-D188-4650-B32A-39151E3E8295}.AppStore|Any CPU.ActiveCfg = Release|Any CPU
		{03F10008-D188-4650-B32A-39151E3E8295}.AppStore|Any CPU.Build.0 = Release|Any CPU
		{03F10008-D188-4650-B32A-39151E3E8295}.AppStore|ARM.ActiveCfg = Release|Any CPU
		{03F10008-D188-4650-B32A-39151E3E8295}.AppStore|iPhone.ActiveCfg = Release|Any CPU
		{03F10008-D188-4650-B32A-39151E3E8295}.AppStore|iPhoneSimulator.ActiveCfg = Release|Any CPU
		{03F10008-D188-4650-B32A-39151E3E8295}.AppStore|x86.ActiveCfg = Release|Any CPU
		{03F10008-D188-4650-B32A-39151E3E8295}.Debug|Any CPU.ActiveCfg = Debug|Any CPU
		{03F10008-D188-4650-B32A-39151E3E8295}.Debug|Any CPU.Build.0 = Debug|Any CPU
		{03F10008-D188-4650-B32A-39151E3E8295}.Debug|ARM.ActiveCfg = Debug|Any CPU
		{03F10008-D188-4650-B32A-39151E3E8295}.Debug|iPhone.ActiveCfg = Debug|Any CPU
		{03F10008-D188-4650-B32A-39151E3E8295}.Debug|iPhoneSimulator.ActiveCfg = Debug|Any CPU
		{03F10008-D188-4650-B32A-39151E3E8295}.Debug|x86.ActiveCfg = Debug|Any CPU
		{03F10008-D188-4650-B32A-39151E3E8295}.Release|Any CPU.ActiveCfg = Release|Any CPU
		{03F10008-D188-4650-B32A-39151E3E8295}.Release|Any CPU.Build.0 = Release|Any CPU
		{03F10008-D188-4650-B32A-39151E3E8295}.Release|ARM.ActiveCfg = Release|Any CPU
		{03F10008-D188-4650-B32A-39151E3E8295}.Release|iPhone.ActiveCfg = Release|Any CPU
		{03F10008-D188-4650-B32A-39151E3E8295}.Release|iPhoneSimulator.ActiveCfg = Release|Any CPU
		{03F10008-D188-4650-B32A-39151E3E8295}.Release|x86.ActiveCfg = Release|Any CPU
		{A89BF529-9E02-4B80-8C4B-94168313DE47}.Ad-Hoc|Any CPU.ActiveCfg = Release|Any CPU
		{A89BF529-9E02-4B80-8C4B-94168313DE47}.Ad-Hoc|Any CPU.Build.0 = Release|Any CPU
		{A89BF529-9E02-4B80-8C4B-94168313DE47}.Ad-Hoc|ARM.ActiveCfg = Release|Any CPU
		{A89BF529-9E02-4B80-8C4B-94168313DE47}.Ad-Hoc|iPhone.ActiveCfg = Release|Any CPU
		{A89BF529-9E02-4B80-8C4B-94168313DE47}.Ad-Hoc|iPhoneSimulator.ActiveCfg = Release|Any CPU
		{A89BF529-9E02-4B80-8C4B-94168313DE47}.Ad-Hoc|x86.ActiveCfg = Release|Any CPU
		{A89BF529-9E02-4B80-8C4B-94168313DE47}.AppStore|Any CPU.ActiveCfg = Release|Any CPU
		{A89BF529-9E02-4B80-8C4B-94168313DE47}.AppStore|Any CPU.Build.0 = Release|Any CPU
		{A89BF529-9E02-4B80-8C4B-94168313DE47}.AppStore|ARM.ActiveCfg = Release|Any CPU
		{A89BF529-9E02-4B80-8C4B-94168313DE47}.AppStore|iPhone.ActiveCfg = Release|Any CPU
		{A89BF529-9E02-4B80-8C4B-94168313DE47}.AppStore|iPhoneSimulator.ActiveCfg = Release|Any CPU
		{A89BF529-9E02-4B80-8C4B-94168313DE47}.AppStore|x86.ActiveCfg = Release|Any CPU
		{A89BF529-9E02-4B80-8C4B-94168313DE47}.Debug|Any CPU.ActiveCfg = Debug|Any CPU
		{A89BF529-9E02-4B80-8C4B-94168313DE47}.Debug|Any CPU.Build.0 = Debug|Any CPU
		{A89BF529-9E02-4B80-8C4B-94168313DE47}.Debug|ARM.ActiveCfg = Debug|Any CPU
		{A89BF529-9E02-4B80-8C4B-94168313DE47}.Debug|iPhone.ActiveCfg = Debug|Any CPU
		{A89BF529-9E02-4B80-8C4B-94168313DE47}.Debug|iPhoneSimulator.ActiveCfg = Debug|Any CPU
		{A89BF529-9E02-4B80-8C4B-94168313DE47}.Debug|x86.ActiveCfg = Debug|Any CPU
		{A89BF529-9E02-4B80-8C4B-94168313DE47}.Release|Any CPU.ActiveCfg = Release|Any CPU
		{A89BF529-9E02-4B80-8C4B-94168313DE47}.Release|Any CPU.Build.0 = Release|Any CPU
		{A89BF529-9E02-4B80-8C4B-94168313DE47}.Release|ARM.ActiveCfg = Release|Any CPU
		{A89BF529-9E02-4B80-8C4B-94168313DE47}.Release|iPhone.ActiveCfg = Release|Any CPU
		{A89BF529-9E02-4B80-8C4B-94168313DE47}.Release|iPhoneSimulator.ActiveCfg = Release|Any CPU
		{A89BF529-9E02-4B80-8C4B-94168313DE47}.Release|x86.ActiveCfg = Release|Any CPU
		{0FDA422F-E676-486B-8A73-DB928A057D19}.Ad-Hoc|Any CPU.ActiveCfg = Release|Any CPU
		{0FDA422F-E676-486B-8A73-DB928A057D19}.Ad-Hoc|Any CPU.Build.0 = Release|Any CPU
		{0FDA422F-E676-486B-8A73-DB928A057D19}.Ad-Hoc|ARM.ActiveCfg = Release|Any CPU
		{0FDA422F-E676-486B-8A73-DB928A057D19}.Ad-Hoc|iPhone.ActiveCfg = Release|Any CPU
		{0FDA422F-E676-486B-8A73-DB928A057D19}.Ad-Hoc|iPhoneSimulator.ActiveCfg = Release|Any CPU
		{0FDA422F-E676-486B-8A73-DB928A057D19}.Ad-Hoc|x86.ActiveCfg = Release|Any CPU
		{0FDA422F-E676-486B-8A73-DB928A057D19}.AppStore|Any CPU.ActiveCfg = Release|Any CPU
		{0FDA422F-E676-486B-8A73-DB928A057D19}.AppStore|Any CPU.Build.0 = Release|Any CPU
		{0FDA422F-E676-486B-8A73-DB928A057D19}.AppStore|ARM.ActiveCfg = Release|Any CPU
		{0FDA422F-E676-486B-8A73-DB928A057D19}.AppStore|iPhone.ActiveCfg = Release|Any CPU
		{0FDA422F-E676-486B-8A73-DB928A057D19}.AppStore|iPhoneSimulator.ActiveCfg = Release|Any CPU
		{0FDA422F-E676-486B-8A73-DB928A057D19}.AppStore|x86.ActiveCfg = Release|Any CPU
		{0FDA422F-E676-486B-8A73-DB928A057D19}.Debug|Any CPU.ActiveCfg = Debug|Any CPU
		{0FDA422F-E676-486B-8A73-DB928A057D19}.Debug|Any CPU.Build.0 = Debug|Any CPU
		{0FDA422F-E676-486B-8A73-DB928A057D19}.Debug|ARM.ActiveCfg = Debug|Any CPU
		{0FDA422F-E676-486B-8A73-DB928A057D19}.Debug|iPhone.ActiveCfg = Debug|Any CPU
		{0FDA422F-E676-486B-8A73-DB928A057D19}.Debug|iPhoneSimulator.ActiveCfg = Debug|Any CPU
		{0FDA422F-E676-486B-8A73-DB928A057D19}.Debug|x86.ActiveCfg = Debug|Any CPU
		{0FDA422F-E676-486B-8A73-DB928A057D19}.Release|Any CPU.ActiveCfg = Release|Any CPU
		{0FDA422F-E676-486B-8A73-DB928A057D19}.Release|Any CPU.Build.0 = Release|Any CPU
		{0FDA422F-E676-486B-8A73-DB928A057D19}.Release|ARM.ActiveCfg = Release|Any CPU
		{0FDA422F-E676-486B-8A73-DB928A057D19}.Release|iPhone.ActiveCfg = Release|Any CPU
		{0FDA422F-E676-486B-8A73-DB928A057D19}.Release|iPhoneSimulator.ActiveCfg = Release|Any CPU
		{0FDA422F-E676-486B-8A73-DB928A057D19}.Release|x86.ActiveCfg = Release|Any CPU
		{A70F00F4-857F-460B-B923-84F8757E4A48}.Ad-Hoc|Any CPU.ActiveCfg = Release|Any CPU
		{A70F00F4-857F-460B-B923-84F8757E4A48}.Ad-Hoc|Any CPU.Build.0 = Release|Any CPU
		{A70F00F4-857F-460B-B923-84F8757E4A48}.Ad-Hoc|Any CPU.Deploy.0 = Release|Any CPU
		{A70F00F4-857F-460B-B923-84F8757E4A48}.Ad-Hoc|ARM.ActiveCfg = Release|Any CPU
		{A70F00F4-857F-460B-B923-84F8757E4A48}.Ad-Hoc|iPhone.ActiveCfg = Release|Any CPU
		{A70F00F4-857F-460B-B923-84F8757E4A48}.Ad-Hoc|iPhoneSimulator.ActiveCfg = Release|Any CPU
		{A70F00F4-857F-460B-B923-84F8757E4A48}.Ad-Hoc|x86.ActiveCfg = Release|Any CPU
		{A70F00F4-857F-460B-B923-84F8757E4A48}.AppStore|Any CPU.ActiveCfg = Release|Any CPU
		{A70F00F4-857F-460B-B923-84F8757E4A48}.AppStore|Any CPU.Build.0 = Release|Any CPU
		{A70F00F4-857F-460B-B923-84F8757E4A48}.AppStore|Any CPU.Deploy.0 = Release|Any CPU
		{A70F00F4-857F-460B-B923-84F8757E4A48}.AppStore|ARM.ActiveCfg = Release|Any CPU
		{A70F00F4-857F-460B-B923-84F8757E4A48}.AppStore|iPhone.ActiveCfg = Release|Any CPU
		{A70F00F4-857F-460B-B923-84F8757E4A48}.AppStore|iPhoneSimulator.ActiveCfg = Release|Any CPU
		{A70F00F4-857F-460B-B923-84F8757E4A48}.AppStore|x86.ActiveCfg = Release|Any CPU
		{A70F00F4-857F-460B-B923-84F8757E4A48}.Debug|Any CPU.ActiveCfg = Debug|Any CPU
		{A70F00F4-857F-460B-B923-84F8757E4A48}.Debug|ARM.ActiveCfg = Debug|Any CPU
		{A70F00F4-857F-460B-B923-84F8757E4A48}.Debug|iPhone.ActiveCfg = Debug|Any CPU
		{A70F00F4-857F-460B-B923-84F8757E4A48}.Debug|iPhoneSimulator.ActiveCfg = Debug|Any CPU
		{A70F00F4-857F-460B-B923-84F8757E4A48}.Debug|x86.ActiveCfg = Debug|Any CPU
		{A70F00F4-857F-460B-B923-84F8757E4A48}.Release|Any CPU.ActiveCfg = Release|Any CPU
		{A70F00F4-857F-460B-B923-84F8757E4A48}.Release|ARM.ActiveCfg = Release|Any CPU
		{A70F00F4-857F-460B-B923-84F8757E4A48}.Release|iPhone.ActiveCfg = Release|Any CPU
		{A70F00F4-857F-460B-B923-84F8757E4A48}.Release|iPhoneSimulator.ActiveCfg = Release|Any CPU
		{A70F00F4-857F-460B-B923-84F8757E4A48}.Release|x86.ActiveCfg = Release|Any CPU
		{78C29962-90EB-49F2-B77B-3114EBE8C4DF}.Ad-Hoc|Any CPU.ActiveCfg = Release|Any CPU
		{78C29962-90EB-49F2-B77B-3114EBE8C4DF}.Ad-Hoc|Any CPU.Build.0 = Release|Any CPU
		{78C29962-90EB-49F2-B77B-3114EBE8C4DF}.Ad-Hoc|Any CPU.Deploy.0 = Release|Any CPU
		{78C29962-90EB-49F2-B77B-3114EBE8C4DF}.Ad-Hoc|ARM.ActiveCfg = Release|ARM
		{78C29962-90EB-49F2-B77B-3114EBE8C4DF}.Ad-Hoc|ARM.Build.0 = Release|ARM
		{78C29962-90EB-49F2-B77B-3114EBE8C4DF}.Ad-Hoc|ARM.Deploy.0 = Release|ARM
		{78C29962-90EB-49F2-B77B-3114EBE8C4DF}.Ad-Hoc|iPhone.ActiveCfg = Release|Any CPU
		{78C29962-90EB-49F2-B77B-3114EBE8C4DF}.Ad-Hoc|iPhoneSimulator.ActiveCfg = Release|Any CPU
		{78C29962-90EB-49F2-B77B-3114EBE8C4DF}.Ad-Hoc|x86.ActiveCfg = Release|x86
		{78C29962-90EB-49F2-B77B-3114EBE8C4DF}.Ad-Hoc|x86.Build.0 = Release|x86
		{78C29962-90EB-49F2-B77B-3114EBE8C4DF}.Ad-Hoc|x86.Deploy.0 = Release|x86
		{78C29962-90EB-49F2-B77B-3114EBE8C4DF}.AppStore|Any CPU.ActiveCfg = Release|Any CPU
		{78C29962-90EB-49F2-B77B-3114EBE8C4DF}.AppStore|Any CPU.Build.0 = Release|Any CPU
		{78C29962-90EB-49F2-B77B-3114EBE8C4DF}.AppStore|Any CPU.Deploy.0 = Release|Any CPU
		{78C29962-90EB-49F2-B77B-3114EBE8C4DF}.AppStore|ARM.ActiveCfg = Release|ARM
		{78C29962-90EB-49F2-B77B-3114EBE8C4DF}.AppStore|ARM.Build.0 = Release|ARM
		{78C29962-90EB-49F2-B77B-3114EBE8C4DF}.AppStore|ARM.Deploy.0 = Release|ARM
		{78C29962-90EB-49F2-B77B-3114EBE8C4DF}.AppStore|iPhone.ActiveCfg = Release|Any CPU
		{78C29962-90EB-49F2-B77B-3114EBE8C4DF}.AppStore|iPhoneSimulator.ActiveCfg = Release|Any CPU
		{78C29962-90EB-49F2-B77B-3114EBE8C4DF}.AppStore|x86.ActiveCfg = Release|x86
		{78C29962-90EB-49F2-B77B-3114EBE8C4DF}.AppStore|x86.Build.0 = Release|x86
		{78C29962-90EB-49F2-B77B-3114EBE8C4DF}.AppStore|x86.Deploy.0 = Release|x86
		{78C29962-90EB-49F2-B77B-3114EBE8C4DF}.Debug|Any CPU.ActiveCfg = Debug|Any CPU
		{78C29962-90EB-49F2-B77B-3114EBE8C4DF}.Debug|Any CPU.Build.0 = Debug|Any CPU
		{78C29962-90EB-49F2-B77B-3114EBE8C4DF}.Debug|Any CPU.Deploy.0 = Debug|Any CPU
		{78C29962-90EB-49F2-B77B-3114EBE8C4DF}.Debug|ARM.ActiveCfg = Debug|ARM
		{78C29962-90EB-49F2-B77B-3114EBE8C4DF}.Debug|ARM.Build.0 = Debug|ARM
		{78C29962-90EB-49F2-B77B-3114EBE8C4DF}.Debug|ARM.Deploy.0 = Debug|ARM
		{78C29962-90EB-49F2-B77B-3114EBE8C4DF}.Debug|iPhone.ActiveCfg = Debug|Any CPU
		{78C29962-90EB-49F2-B77B-3114EBE8C4DF}.Debug|iPhoneSimulator.ActiveCfg = Debug|Any CPU
		{78C29962-90EB-49F2-B77B-3114EBE8C4DF}.Debug|x86.ActiveCfg = Debug|x86
		{78C29962-90EB-49F2-B77B-3114EBE8C4DF}.Debug|x86.Build.0 = Debug|x86
		{78C29962-90EB-49F2-B77B-3114EBE8C4DF}.Debug|x86.Deploy.0 = Debug|x86
		{78C29962-90EB-49F2-B77B-3114EBE8C4DF}.Release|Any CPU.ActiveCfg = Release|Any CPU
		{78C29962-90EB-49F2-B77B-3114EBE8C4DF}.Release|Any CPU.Build.0 = Release|Any CPU
		{78C29962-90EB-49F2-B77B-3114EBE8C4DF}.Release|Any CPU.Deploy.0 = Release|Any CPU
		{78C29962-90EB-49F2-B77B-3114EBE8C4DF}.Release|ARM.ActiveCfg = Release|ARM
		{78C29962-90EB-49F2-B77B-3114EBE8C4DF}.Release|ARM.Build.0 = Release|ARM
		{78C29962-90EB-49F2-B77B-3114EBE8C4DF}.Release|ARM.Deploy.0 = Release|ARM
		{78C29962-90EB-49F2-B77B-3114EBE8C4DF}.Release|iPhone.ActiveCfg = Release|Any CPU
		{78C29962-90EB-49F2-B77B-3114EBE8C4DF}.Release|iPhoneSimulator.ActiveCfg = Release|Any CPU
		{78C29962-90EB-49F2-B77B-3114EBE8C4DF}.Release|x86.ActiveCfg = Release|x86
		{78C29962-90EB-49F2-B77B-3114EBE8C4DF}.Release|x86.Build.0 = Release|x86
		{78C29962-90EB-49F2-B77B-3114EBE8C4DF}.Release|x86.Deploy.0 = Release|x86
		{85D3AC61-9D36-42AD-A6EF-AEDDCF77A830}.Ad-Hoc|Any CPU.ActiveCfg = Ad-Hoc|iPhone
		{85D3AC61-9D36-42AD-A6EF-AEDDCF77A830}.Ad-Hoc|ARM.ActiveCfg = Ad-Hoc|iPhone
		{85D3AC61-9D36-42AD-A6EF-AEDDCF77A830}.Ad-Hoc|iPhone.ActiveCfg = Ad-Hoc|iPhone
		{85D3AC61-9D36-42AD-A6EF-AEDDCF77A830}.Ad-Hoc|iPhone.Build.0 = Ad-Hoc|iPhone
		{85D3AC61-9D36-42AD-A6EF-AEDDCF77A830}.Ad-Hoc|iPhoneSimulator.ActiveCfg = Ad-Hoc|iPhoneSimulator
		{85D3AC61-9D36-42AD-A6EF-AEDDCF77A830}.Ad-Hoc|iPhoneSimulator.Build.0 = Ad-Hoc|iPhoneSimulator
		{85D3AC61-9D36-42AD-A6EF-AEDDCF77A830}.Ad-Hoc|x86.ActiveCfg = Ad-Hoc|iPhone
		{85D3AC61-9D36-42AD-A6EF-AEDDCF77A830}.AppStore|Any CPU.ActiveCfg = AppStore|iPhone
		{85D3AC61-9D36-42AD-A6EF-AEDDCF77A830}.AppStore|ARM.ActiveCfg = AppStore|iPhone
		{85D3AC61-9D36-42AD-A6EF-AEDDCF77A830}.AppStore|iPhone.ActiveCfg = AppStore|iPhone
		{85D3AC61-9D36-42AD-A6EF-AEDDCF77A830}.AppStore|iPhone.Build.0 = AppStore|iPhone
		{85D3AC61-9D36-42AD-A6EF-AEDDCF77A830}.AppStore|iPhoneSimulator.ActiveCfg = AppStore|iPhoneSimulator
		{85D3AC61-9D36-42AD-A6EF-AEDDCF77A830}.AppStore|iPhoneSimulator.Build.0 = AppStore|iPhoneSimulator
		{85D3AC61-9D36-42AD-A6EF-AEDDCF77A830}.AppStore|x86.ActiveCfg = AppStore|iPhone
		{85D3AC61-9D36-42AD-A6EF-AEDDCF77A830}.Debug|Any CPU.ActiveCfg = Debug|iPhone
		{85D3AC61-9D36-42AD-A6EF-AEDDCF77A830}.Debug|ARM.ActiveCfg = Debug|iPhone
		{85D3AC61-9D36-42AD-A6EF-AEDDCF77A830}.Debug|iPhone.ActiveCfg = Debug|iPhone
		{85D3AC61-9D36-42AD-A6EF-AEDDCF77A830}.Debug|iPhone.Build.0 = Debug|iPhone
		{85D3AC61-9D36-42AD-A6EF-AEDDCF77A830}.Debug|iPhoneSimulator.ActiveCfg = Debug|iPhoneSimulator
		{85D3AC61-9D36-42AD-A6EF-AEDDCF77A830}.Debug|iPhoneSimulator.Build.0 = Debug|iPhoneSimulator
		{85D3AC61-9D36-42AD-A6EF-AEDDCF77A830}.Debug|x86.ActiveCfg = Debug|iPhone
		{85D3AC61-9D36-42AD-A6EF-AEDDCF77A830}.Release|Any CPU.ActiveCfg = Release|iPhone
		{85D3AC61-9D36-42AD-A6EF-AEDDCF77A830}.Release|ARM.ActiveCfg = Release|iPhone
		{85D3AC61-9D36-42AD-A6EF-AEDDCF77A830}.Release|iPhone.ActiveCfg = Release|iPhone
		{85D3AC61-9D36-42AD-A6EF-AEDDCF77A830}.Release|iPhone.Build.0 = Release|iPhone
		{85D3AC61-9D36-42AD-A6EF-AEDDCF77A830}.Release|iPhoneSimulator.ActiveCfg = Release|iPhoneSimulator
		{85D3AC61-9D36-42AD-A6EF-AEDDCF77A830}.Release|iPhoneSimulator.Build.0 = Release|iPhoneSimulator
		{85D3AC61-9D36-42AD-A6EF-AEDDCF77A830}.Release|x86.ActiveCfg = Release|iPhone
	EndGlobalSection
	GlobalSection(SolutionProperties) = preSolution
		HideSolutionNode = FALSE
	EndGlobalSection
EndGlobal
