
Microsoft Visual Studio Solution File, Format Version 11.00
# Visual Studio 2010
Project("{FAE04EC0-301F-11D3-BF4B-00C04F79EFBC}") = "Monotouch.Cureos.Measures", "Monotouch.Cureos.Measures\Monotouch.Cureos.Measures.csproj", "{D2D09E6D-6EA8-4B64-A048-6AB534DFC12C}"
EndProject
Project("{FAE04EC0-301F-11D3-BF4B-00C04F79EFBC}") = "MonotouchUnitConverter", "MonotouchUnitConverter\MonotouchUnitConverter.csproj", "{85D3AC61-9D36-42AD-A6EF-AEDDCF77A830}"
EndProject
Global
	GlobalSection(SolutionConfigurationPlatforms) = preSolution
		Debug|Any CPU = Debug|Any CPU
		Release|Any CPU = Release|Any CPU
		Debug|iPhoneSimulator = Debug|iPhoneSimulator
		Release|iPhoneSimulator = Release|iPhoneSimulator
		Debug|iPhone = Debug|iPhone
		Release|iPhone = Release|iPhone
		Ad-Hoc|iPhone = Ad-Hoc|iPhone
		AppStore|iPhone = AppStore|iPhone
	EndGlobalSection
	GlobalSection(ProjectConfigurationPlatforms) = postSolution
		{85D3AC61-9D36-42AD-A6EF-AEDDCF77A830}.Ad-Hoc|iPhone.ActiveCfg = Ad-Hoc|iPhone
		{85D3AC61-9D36-42AD-A6EF-AEDDCF77A830}.Ad-Hoc|iPhone.Build.0 = Ad-Hoc|iPhone
		{85D3AC61-9D36-42AD-A6EF-AEDDCF77A830}.AppStore|iPhone.ActiveCfg = AppStore|iPhone
		{85D3AC61-9D36-42AD-A6EF-AEDDCF77A830}.AppStore|iPhone.Build.0 = AppStore|iPhone
		{85D3AC61-9D36-42AD-A6EF-AEDDCF77A830}.Debug|Any CPU.ActiveCfg = Debug|iPhoneSimulator
		{85D3AC61-9D36-42AD-A6EF-AEDDCF77A830}.Debug|Any CPU.Build.0 = Debug|iPhoneSimulator
		{85D3AC61-9D36-42AD-A6EF-AEDDCF77A830}.Debug|iPhone.ActiveCfg = Debug|iPhone
		{85D3AC61-9D36-42AD-A6EF-AEDDCF77A830}.Debug|iPhone.Build.0 = Debug|iPhone
		{85D3AC61-9D36-42AD-A6EF-AEDDCF77A830}.Debug|iPhoneSimulator.ActiveCfg = Debug|iPhoneSimulator
		{85D3AC61-9D36-42AD-A6EF-AEDDCF77A830}.Debug|iPhoneSimulator.Build.0 = Debug|iPhoneSimulator
		{85D3AC61-9D36-42AD-A6EF-AEDDCF77A830}.Release|Any CPU.ActiveCfg = Release|iPhoneSimulator
		{85D3AC61-9D36-42AD-A6EF-AEDDCF77A830}.Release|Any CPU.Build.0 = Release|iPhoneSimulator
		{85D3AC61-9D36-42AD-A6EF-AEDDCF77A830}.Release|iPhone.ActiveCfg = Release|iPhone
		{85D3AC61-9D36-42AD-A6EF-AEDDCF77A830}.Release|iPhone.Build.0 = Release|iPhone
		{85D3AC61-9D36-42AD-A6EF-AEDDCF77A830}.Release|iPhoneSimulator.ActiveCfg = Release|iPhoneSimulator
		{85D3AC61-9D36-42AD-A6EF-AEDDCF77A830}.Release|iPhoneSimulator.Build.0 = Release|iPhoneSimulator
		{D2D09E6D-6EA8-4B64-A048-6AB534DFC12C}.Debug|Any CPU.ActiveCfg = Debug|Any CPU
		{D2D09E6D-6EA8-4B64-A048-6AB534DFC12C}.Debug|Any CPU.Build.0 = Debug|Any CPU
		{D2D09E6D-6EA8-4B64-A048-6AB534DFC12C}.Debug|iPhone.ActiveCfg = Debug|Any CPU
		{D2D09E6D-6EA8-4B64-A048-6AB534DFC12C}.Debug|iPhone.Build.0 = Debug|Any CPU
		{D2D09E6D-6EA8-4B64-A048-6AB534DFC12C}.Debug|iPhoneSimulator.ActiveCfg = Debug|Any CPU
		{D2D09E6D-6EA8-4B64-A048-6AB534DFC12C}.Debug|iPhoneSimulator.Build.0 = Debug|Any CPU
		{D2D09E6D-6EA8-4B64-A048-6AB534DFC12C}.Release|Any CPU.ActiveCfg = Release|Any CPU
		{D2D09E6D-6EA8-4B64-A048-6AB534DFC12C}.Release|Any CPU.Build.0 = Release|Any CPU
		{D2D09E6D-6EA8-4B64-A048-6AB534DFC12C}.Release|iPhone.ActiveCfg = Release|Any CPU
		{D2D09E6D-6EA8-4B64-A048-6AB534DFC12C}.Release|iPhone.Build.0 = Release|Any CPU
		{D2D09E6D-6EA8-4B64-A048-6AB534DFC12C}.Release|iPhoneSimulator.ActiveCfg = Release|Any CPU
		{D2D09E6D-6EA8-4B64-A048-6AB534DFC12C}.Release|iPhoneSimulator.Build.0 = Release|Any CPU
	EndGlobalSection
	GlobalSection(MonoDevelopProperties) = preSolution
		StartupItem = MonotouchUnitConverter\MonotouchUnitConverter.csproj
	EndGlobalSection
EndGlobal
