
Microsoft Visual Studio Solution File, Format Version 11.00
# Visual Studio 2010
Project("{2150E333-8FDC-42A3-9474-1A3956D46DE8}") = "Solution Items", "Solution Items", "{900379F9-E2FD-4342-9330-A67DB2C2F4F7}"
	ProjectSection(SolutionItems) = preProject
		README.rdoc = README.rdoc
	EndProjectSection
EndProject
Project("{FAE04EC0-301F-11D3-BF4B-00C04F79EFBC}") = "Cureos.Measures", "Cureos.Measures\Cureos.Measures.csproj", "{E55BFB0E-0074-404F-A988-7C1E245DF752}"
EndProject
Project("{FAE04EC0-301F-11D3-BF4B-00C04F79EFBC}") = "Tests.Cureos.Measures", "Tests.Cureos.Measures\Tests.Cureos.Measures.csproj", "{11E5CCED-98AB-4057-A950-D3400152D362}"
EndProject
Project("{FAE04EC0-301F-11D3-BF4B-00C04F79EFBC}") = "SL.Cureos.Measures", "SL.Cureos.Measures\SL.Cureos.Measures.csproj", "{D83713ED-5538-44E9-8EA3-D34AE4C6FF2A}"
EndProject
Project("{FAE04EC0-301F-11D3-BF4B-00C04F79EFBC}") = "Net35.Cureos.Measures", "Net35.Cureos.Measures\Net35.Cureos.Measures.csproj", "{90CF2D6D-7C8A-499E-90E4-8BEC209FE144}"
EndProject
Project("{FAE04EC0-301F-11D3-BF4B-00C04F79EFBC}") = "SilverlightUnitConverter", "SilverlightUnitConverter\SilverlightUnitConverter.csproj", "{03F10008-D188-4650-B32A-39151E3E8295}"
EndProject
Global
	GlobalSection(SolutionConfigurationPlatforms) = preSolution
		Debug|Any CPU = Debug|Any CPU
		Release|Any CPU = Release|Any CPU
	EndGlobalSection
	GlobalSection(ProjectConfigurationPlatforms) = postSolution
		{E55BFB0E-0074-404F-A988-7C1E245DF752}.Debug|Any CPU.ActiveCfg = Debug|Any CPU
		{E55BFB0E-0074-404F-A988-7C1E245DF752}.Debug|Any CPU.Build.0 = Debug|Any CPU
		{E55BFB0E-0074-404F-A988-7C1E245DF752}.Release|Any CPU.ActiveCfg = Release|Any CPU
		{E55BFB0E-0074-404F-A988-7C1E245DF752}.Release|Any CPU.Build.0 = Release|Any CPU
		{11E5CCED-98AB-4057-A950-D3400152D362}.Debug|Any CPU.ActiveCfg = Debug|Any CPU
		{11E5CCED-98AB-4057-A950-D3400152D362}.Debug|Any CPU.Build.0 = Debug|Any CPU
		{11E5CCED-98AB-4057-A950-D3400152D362}.Release|Any CPU.ActiveCfg = Release|Any CPU
		{11E5CCED-98AB-4057-A950-D3400152D362}.Release|Any CPU.Build.0 = Release|Any CPU
		{D83713ED-5538-44E9-8EA3-D34AE4C6FF2A}.Debug|Any CPU.ActiveCfg = Debug|Any CPU
		{D83713ED-5538-44E9-8EA3-D34AE4C6FF2A}.Debug|Any CPU.Build.0 = Debug|Any CPU
		{D83713ED-5538-44E9-8EA3-D34AE4C6FF2A}.Release|Any CPU.ActiveCfg = Release|Any CPU
		{D83713ED-5538-44E9-8EA3-D34AE4C6FF2A}.Release|Any CPU.Build.0 = Release|Any CPU
		{90CF2D6D-7C8A-499E-90E4-8BEC209FE144}.Debug|Any CPU.ActiveCfg = Debug|Any CPU
		{90CF2D6D-7C8A-499E-90E4-8BEC209FE144}.Debug|Any CPU.Build.0 = Debug|Any CPU
		{90CF2D6D-7C8A-499E-90E4-8BEC209FE144}.Release|Any CPU.ActiveCfg = Release|Any CPU
		{90CF2D6D-7C8A-499E-90E4-8BEC209FE144}.Release|Any CPU.Build.0 = Release|Any CPU
		{03F10008-D188-4650-B32A-39151E3E8295}.Debug|Any CPU.ActiveCfg = Debug|Any CPU
		{03F10008-D188-4650-B32A-39151E3E8295}.Debug|Any CPU.Build.0 = Debug|Any CPU
		{03F10008-D188-4650-B32A-39151E3E8295}.Release|Any CPU.ActiveCfg = Release|Any CPU
		{03F10008-D188-4650-B32A-39151E3E8295}.Release|Any CPU.Build.0 = Release|Any CPU
	EndGlobalSection
	GlobalSection(SolutionProperties) = preSolution
		HideSolutionNode = FALSE
	EndGlobalSection
EndGlobal
